
Microsoft Visual Studio Solution File, Format Version 12.00
# Visual Studio 15
VisualStudioVersion = 15.0.26730.10
MinimumVisualStudioVersion = 10.0.40219.1
Project("{FAE04EC0-301F-11D3-BF4B-00C04F79EFBC}") = "PdfConsole", "pdfconsole\PdfConsole.csproj", "{0F876DF1-B131-4C7A-AAE9-BD96946BCB71}"
EndProject
Project("{FAE04EC0-301F-11D3-BF4B-00C04F79EFBC}") = "PdfLibrary", "pdflibrary\PdfLibrary.csproj", "{23D428BE-DA94-48DE-89C5-292CDBB1B7C8}"
EndProject
Project("{FAE04EC0-301F-11D3-BF4B-00C04F79EFBC}") = "CommonUtilities", "commonutilities\CommonUtilities.csproj", "{222239FC-E333-4E29-B44E-A229CF24E6B9}"
EndProject
Project("{FAE04EC0-301F-11D3-BF4B-00C04F79EFBC}") = "ImageLibrary", "ImageLibrary\ImageLibrary.csproj", "{55C0DCC6-9BE4-47C7-8C35-79EB53BA0607}"
EndProject
Global
	GlobalSection(SolutionConfigurationPlatforms) = preSolution
		Debug|Any CPU = Debug|Any CPU
		Release|Any CPU = Release|Any CPU
	EndGlobalSection
	GlobalSection(ProjectConfigurationPlatforms) = postSolution
		{0F876DF1-B131-4C7A-AAE9-BD96946BCB71}.Debug|Any CPU.ActiveCfg = Debug|Any CPU
		{0F876DF1-B131-4C7A-AAE9-BD96946BCB71}.Debug|Any CPU.Build.0 = Debug|Any CPU
		{0F876DF1-B131-4C7A-AAE9-BD96946BCB71}.Release|Any CPU.ActiveCfg = Release|Any CPU
		{0F876DF1-B131-4C7A-AAE9-BD96946BCB71}.Release|Any CPU.Build.0 = Release|Any CPU
		{23D428BE-DA94-48DE-89C5-292CDBB1B7C8}.Debug|Any CPU.ActiveCfg = Debug|Any CPU
		{23D428BE-DA94-48DE-89C5-292CDBB1B7C8}.Debug|Any CPU.Build.0 = Debug|Any CPU
		{23D428BE-DA94-48DE-89C5-292CDBB1B7C8}.Release|Any CPU.ActiveCfg = Release|Any CPU
		{23D428BE-DA94-48DE-89C5-292CDBB1B7C8}.Release|Any CPU.Build.0 = Release|Any CPU
		{222239FC-E333-4E29-B44E-A229CF24E6B9}.Debug|Any CPU.ActiveCfg = Debug|Any CPU
		{222239FC-E333-4E29-B44E-A229CF24E6B9}.Debug|Any CPU.Build.0 = Debug|Any CPU
		{222239FC-E333-4E29-B44E-A229CF24E6B9}.Release|Any CPU.ActiveCfg = Release|Any CPU
		{222239FC-E333-4E29-B44E-A229CF24E6B9}.Release|Any CPU.Build.0 = Release|Any CPU
		{55C0DCC6-9BE4-47C7-8C35-79EB53BA0607}.Debug|Any CPU.ActiveCfg = Debug|Any CPU
		{55C0DCC6-9BE4-47C7-8C35-79EB53BA0607}.Debug|Any CPU.Build.0 = Debug|Any CPU
		{55C0DCC6-9BE4-47C7-8C35-79EB53BA0607}.Release|Any CPU.ActiveCfg = Release|Any CPU
		{55C0DCC6-9BE4-47C7-8C35-79EB53BA0607}.Release|Any CPU.Build.0 = Release|Any CPU
	EndGlobalSection
	GlobalSection(SolutionProperties) = preSolution
		HideSolutionNode = FALSE
	EndGlobalSection
	GlobalSection(ExtensibilityGlobals) = postSolution
		SolutionGuid = {3FBA4280-EEEA-4760-AD35-483C87DD73A0}
	EndGlobalSection
EndGlobal
